
Microsoft Visual Studio Solution File, Format Version 12.00
# Visual Studio Version 16
VisualStudioVersion = 16.0.30611.23
MinimumVisualStudioVersion = 10.0.40219.1
Project("{FAE04EC0-301F-11D3-BF4B-00C04F79EFBC}") = "DatasetDesigner", "DatasetDesigner\DatasetDesigner.csproj", "{C979023A-D26F-4F7E-AE6A-8296DF196BBF}"
EndProject
Global
	GlobalSection(SolutionConfigurationPlatforms) = preSolution
		Debug|Any CPU = Debug|Any CPU
		Release|Any CPU = Release|Any CPU
	EndGlobalSection
	GlobalSection(ProjectConfigurationPlatforms) = postSolution
		{C979023A-D26F-4F7E-AE6A-8296DF196BBF}.Debug|Any CPU.ActiveCfg = Debug|Any CPU
		{C979023A-D26F-4F7E-AE6A-8296DF196BBF}.Debug|Any CPU.Build.0 = Debug|Any CPU
		{C979023A-D26F-4F7E-AE6A-8296DF196BBF}.Release|Any CPU.ActiveCfg = Release|Any CPU
		{C979023A-D26F-4F7E-AE6A-8296DF196BBF}.Release|Any CPU.Build.0 = Release|Any CPU
	EndGlobalSection
	GlobalSection(SolutionProperties) = preSolution
		HideSolutionNode = FALSE
	EndGlobalSection
	GlobalSection(ExtensibilityGlobals) = postSolution
		SolutionGuid = {D4DFF517-4B87-4DE3-96E7-21EB7BD57950}
	EndGlobalSection
EndGlobal
