
Microsoft Visual Studio Solution File, Format Version 12.00
# Visual Studio Version 16
VisualStudioVersion = 16.0.30611.23
MinimumVisualStudioVersion = 10.0.40219.1
Project("{FAE04EC0-301F-11D3-BF4B-00C04F79EFBC}") = "DBConnection", "DBConnection\DBConnection.csproj", "{BEF3E2BA-25F7-4111-96CF-D2801A42636B}"
EndProject
Global
	GlobalSection(SolutionConfigurationPlatforms) = preSolution
		Debug|Any CPU = Debug|Any CPU
		Release|Any CPU = Release|Any CPU
	EndGlobalSection
	GlobalSection(ProjectConfigurationPlatforms) = postSolution
		{BEF3E2BA-25F7-4111-96CF-D2801A42636B}.Debug|Any CPU.ActiveCfg = Debug|Any CPU
		{BEF3E2BA-25F7-4111-96CF-D2801A42636B}.Debug|Any CPU.Build.0 = Debug|Any CPU
		{BEF3E2BA-25F7-4111-96CF-D2801A42636B}.Release|Any CPU.ActiveCfg = Release|Any CPU
		{BEF3E2BA-25F7-4111-96CF-D2801A42636B}.Release|Any CPU.Build.0 = Release|Any CPU
	EndGlobalSection
	GlobalSection(SolutionProperties) = preSolution
		HideSolutionNode = FALSE
	EndGlobalSection
	GlobalSection(ExtensibilityGlobals) = postSolution
		SolutionGuid = {A378D26A-F143-4F61-A41D-51BDDE30A149}
	EndGlobalSection
EndGlobal
