
Microsoft Visual Studio Solution File, Format Version 12.00
# Visual Studio Version 16
VisualStudioVersion = 16.0.30611.23
MinimumVisualStudioVersion = 10.0.40219.1
Project("{FAE04EC0-301F-11D3-BF4B-00C04F79EFBC}") = "DBConnection", "DBConnection\DBConnection.csproj", "{4F3FB58A-DD28-4C55-9050-37E04F54F49E}"
EndProject
Global
	GlobalSection(SolutionConfigurationPlatforms) = preSolution
		Debug|Any CPU = Debug|Any CPU
		Release|Any CPU = Release|Any CPU
	EndGlobalSection
	GlobalSection(ProjectConfigurationPlatforms) = postSolution
		{4F3FB58A-DD28-4C55-9050-37E04F54F49E}.Debug|Any CPU.ActiveCfg = Debug|Any CPU
		{4F3FB58A-DD28-4C55-9050-37E04F54F49E}.Debug|Any CPU.Build.0 = Debug|Any CPU
		{4F3FB58A-DD28-4C55-9050-37E04F54F49E}.Release|Any CPU.ActiveCfg = Release|Any CPU
		{4F3FB58A-DD28-4C55-9050-37E04F54F49E}.Release|Any CPU.Build.0 = Release|Any CPU
	EndGlobalSection
	GlobalSection(SolutionProperties) = preSolution
		HideSolutionNode = FALSE
	EndGlobalSection
	GlobalSection(ExtensibilityGlobals) = postSolution
		SolutionGuid = {98673428-7F9E-4F7D-9A16-3A9C2050BD01}
	EndGlobalSection
EndGlobal
